
Microsoft Visual Studio Solution File, Format Version 12.00
# Visual Studio Version 17
VisualStudioVersion = 17.14.36212.18 d17.14
MinimumVisualStudioVersion = 10.0.40219.1
Project("{FAE04EC0-301F-11D3-BF4B-00C04F79EFBC}") = "hajdubtest5", "hajdubtest5\hajdubtest5.csproj", "{4B9089B0-C6F8-464D-ABF9-7C0AC3268413}"
EndProject
Project("{FAE04EC0-301F-11D3-BF4B-00C04F79EFBC}") = "hajdubtest5Tests", "hajdubtest5Tests\hajdubtest5Tests.csproj", "{093063FF-23AD-47AB-841D-EB6CC136AFCF}"
EndProject
Global
	GlobalSection(SolutionConfigurationPlatforms) = preSolution
		Debug|Any CPU = Debug|Any CPU
		Release|Any CPU = Release|Any CPU
	EndGlobalSection
	GlobalSection(ProjectConfigurationPlatforms) = postSolution
		{4B9089B0-C6F8-464D-ABF9-7C0AC3268413}.Debug|Any CPU.ActiveCfg = Debug|Any CPU
		{4B9089B0-C6F8-464D-ABF9-7C0AC3268413}.Debug|Any CPU.Build.0 = Debug|Any CPU
		{4B9089B0-C6F8-464D-ABF9-7C0AC3268413}.Release|Any CPU.ActiveCfg = Release|Any CPU
		{4B9089B0-C6F8-464D-ABF9-7C0AC3268413}.Release|Any CPU.Build.0 = Release|Any CPU
		{093063FF-23AD-47AB-841D-EB6CC136AFCF}.Debug|Any CPU.ActiveCfg = Debug|Any CPU
		{093063FF-23AD-47AB-841D-EB6CC136AFCF}.Debug|Any CPU.Build.0 = Debug|Any CPU
		{093063FF-23AD-47AB-841D-EB6CC136AFCF}.Release|Any CPU.ActiveCfg = Release|Any CPU
		{093063FF-23AD-47AB-841D-EB6CC136AFCF}.Release|Any CPU.Build.0 = Release|Any CPU
	EndGlobalSection
	GlobalSection(SolutionProperties) = preSolution
		HideSolutionNode = FALSE
	EndGlobalSection
	GlobalSection(ExtensibilityGlobals) = postSolution
		SolutionGuid = {C8A471DB-F9E3-4B4B-9A6A-40113E9CC2BC}
	EndGlobalSection
EndGlobal
